
Microsoft Visual Studio Solution File, Format Version 12.00
# Visual Studio Version 16
VisualStudioVersion = 16.0.31410.357
MinimumVisualStudioVersion = 10.0.40219.1
Project("{FAE04EC0-301F-11D3-BF4B-00C04F79EFBC}") = "AEM01", "AEM01\AEM01.csproj", "{CD4D6C8A-A58A-4514-9AD3-5E61B1B629C5}"
EndProject
Global
	GlobalSection(SolutionConfigurationPlatforms) = preSolution
		Debug|Any CPU = Debug|Any CPU
		Release|Any CPU = Release|Any CPU
	EndGlobalSection
	GlobalSection(ProjectConfigurationPlatforms) = postSolution
		{CD4D6C8A-A58A-4514-9AD3-5E61B1B629C5}.Debug|Any CPU.ActiveCfg = Debug|Any CPU
		{CD4D6C8A-A58A-4514-9AD3-5E61B1B629C5}.Debug|Any CPU.Build.0 = Debug|Any CPU
		{CD4D6C8A-A58A-4514-9AD3-5E61B1B629C5}.Release|Any CPU.ActiveCfg = Release|Any CPU
		{CD4D6C8A-A58A-4514-9AD3-5E61B1B629C5}.Release|Any CPU.Build.0 = Release|Any CPU
	EndGlobalSection
	GlobalSection(SolutionProperties) = preSolution
		HideSolutionNode = FALSE
	EndGlobalSection
	GlobalSection(ExtensibilityGlobals) = postSolution
		SolutionGuid = {61D050FD-E44D-46B5-A1B6-DF3DA677366C}
	EndGlobalSection
EndGlobal
